
Microsoft Visual Studio Solution File, Format Version 12.00
# Visual Studio 15
VisualStudioVersion = 15.0.28307.757
MinimumVisualStudioVersion = 10.0.40219.1
Project("{FAE04EC0-301F-11D3-BF4B-00C04F79EFBC}") = "csaks.api", "csaks.api\csaks.api.csproj", "{192D75D3-D8BA-4718-89F2-C732F55F5562}"
EndProject
Global
	GlobalSection(SolutionConfigurationPlatforms) = preSolution
		Debug|Any CPU = Debug|Any CPU
		Release|Any CPU = Release|Any CPU
	EndGlobalSection
	GlobalSection(ProjectConfigurationPlatforms) = postSolution
		{192D75D3-D8BA-4718-89F2-C732F55F5562}.Debug|Any CPU.ActiveCfg = Debug|Any CPU
		{192D75D3-D8BA-4718-89F2-C732F55F5562}.Debug|Any CPU.Build.0 = Debug|Any CPU
		{192D75D3-D8BA-4718-89F2-C732F55F5562}.Release|Any CPU.ActiveCfg = Release|Any CPU
		{192D75D3-D8BA-4718-89F2-C732F55F5562}.Release|Any CPU.Build.0 = Release|Any CPU
	EndGlobalSection
	GlobalSection(SolutionProperties) = preSolution
		HideSolutionNode = FALSE
	EndGlobalSection
	GlobalSection(ExtensibilityGlobals) = postSolution
		SolutionGuid = {8E00DE51-7AB1-487A-9319-F44B1BFF9216}
	EndGlobalSection
EndGlobal
